
Microsoft Visual Studio Solution File, Format Version 12.00
# Visual Studio Version 17
VisualStudioVersion = 17.0.31912.275
MinimumVisualStudioVersion = 10.0.40219.1
Project("{2150E333-8FDC-42A3-9474-1A3956D46DE8}") = "Solution Items", "Solution Items", "{0D2F8325-EE9A-4294-9F6A-DECF8DED3940}"
	ProjectSection(SolutionItems) = preProject
		.gitignore = .gitignore
		LICENSE = LICENSE
	EndProjectSection
EndProject
Project("{9A19103F-16F7-4668-BE54-9A1E7A4F7556}") = "AdventOfCode", "2021\AdventOfCode.csproj", "{4680554D-E0E2-49F7-B1FD-E309DDFBD6F0}"
EndProject
Project("{9A19103F-16F7-4668-BE54-9A1E7A4F7556}") = "AdventOfCode", "2015\AdventOfCode.csproj", "{2BBF823D-628F-4C50-ABF2-2B81578A968E}"
EndProject
Project("{2150E333-8FDC-42A3-9474-1A3956D46DE8}") = "2021", "2021", "{79D5D0C8-C1AF-4D7B-A4EF-28CA60B71D56}"
EndProject
Project("{2150E333-8FDC-42A3-9474-1A3956D46DE8}") = "2020", "2020", "{D9FBB1CB-DF3E-4FF0-B758-8329575230E4}"
EndProject
Project("{2150E333-8FDC-42A3-9474-1A3956D46DE8}") = "2019", "2019", "{28780576-CD40-4C54-8E2A-78875102525E}"
EndProject
Project("{2150E333-8FDC-42A3-9474-1A3956D46DE8}") = "2018", "2018", "{D5E4EA16-8E0B-4FB1-94F9-DC11C38A125D}"
EndProject
Project("{2150E333-8FDC-42A3-9474-1A3956D46DE8}") = "2017", "2017", "{48426CAD-626F-4DEE-9526-F30DCF0DAEF8}"
EndProject
Project("{2150E333-8FDC-42A3-9474-1A3956D46DE8}") = "2016", "2016", "{BBC95D84-96D8-4183-BC29-E9C9ADA70175}"
EndProject
Project("{2150E333-8FDC-42A3-9474-1A3956D46DE8}") = "2015", "2015", "{5FD1E0B5-9449-4C64-9BA6-B11D679D27F6}"
EndProject
Project("{9A19103F-16F7-4668-BE54-9A1E7A4F7556}") = "AdventOfCode", "2016\AdventOfCode.csproj", "{787595C5-279A-4627-8D81-1FC81B373FBA}"
EndProject
Project("{9A19103F-16F7-4668-BE54-9A1E7A4F7556}") = "AdventOfCode", "2017\AdventOfCode.csproj", "{DA7415CC-996D-4FAF-9122-FAED1C2880D1}"
EndProject
Project("{9A19103F-16F7-4668-BE54-9A1E7A4F7556}") = "AdventOfCode", "2018\AdventOfCode.csproj", "{9DBC9621-13DA-4544-BEF2-9050C0D72F6A}"
EndProject
Project("{9A19103F-16F7-4668-BE54-9A1E7A4F7556}") = "AdventOfCode", "2019\AdventOfCode.csproj", "{54CD3105-C55C-444D-B4DE-87D453D3E164}"
EndProject
Project("{9A19103F-16F7-4668-BE54-9A1E7A4F7556}") = "AdventOfCode", "2020\AdventOfCode.csproj", "{EB963A2C-3C85-4516-8654-4CAD77CBA2F7}"
EndProject
Global
	GlobalSection(SolutionConfigurationPlatforms) = preSolution
		Debug|Any CPU = Debug|Any CPU
		Release|Any CPU = Release|Any CPU
	EndGlobalSection
	GlobalSection(ProjectConfigurationPlatforms) = postSolution
		{4680554D-E0E2-49F7-B1FD-E309DDFBD6F0}.Debug|Any CPU.ActiveCfg = Debug|Any CPU
		{4680554D-E0E2-49F7-B1FD-E309DDFBD6F0}.Debug|Any CPU.Build.0 = Debug|Any CPU
		{4680554D-E0E2-49F7-B1FD-E309DDFBD6F0}.Release|Any CPU.ActiveCfg = Release|Any CPU
		{4680554D-E0E2-49F7-B1FD-E309DDFBD6F0}.Release|Any CPU.Build.0 = Release|Any CPU
		{2BBF823D-628F-4C50-ABF2-2B81578A968E}.Debug|Any CPU.ActiveCfg = Debug|Any CPU
		{2BBF823D-628F-4C50-ABF2-2B81578A968E}.Debug|Any CPU.Build.0 = Debug|Any CPU
		{2BBF823D-628F-4C50-ABF2-2B81578A968E}.Release|Any CPU.ActiveCfg = Release|Any CPU
		{2BBF823D-628F-4C50-ABF2-2B81578A968E}.Release|Any CPU.Build.0 = Release|Any CPU
		{787595C5-279A-4627-8D81-1FC81B373FBA}.Debug|Any CPU.ActiveCfg = Debug|Any CPU
		{787595C5-279A-4627-8D81-1FC81B373FBA}.Debug|Any CPU.Build.0 = Debug|Any CPU
		{787595C5-279A-4627-8D81-1FC81B373FBA}.Release|Any CPU.ActiveCfg = Release|Any CPU
		{787595C5-279A-4627-8D81-1FC81B373FBA}.Release|Any CPU.Build.0 = Release|Any CPU
		{DA7415CC-996D-4FAF-9122-FAED1C2880D1}.Debug|Any CPU.ActiveCfg = Debug|Any CPU
		{DA7415CC-996D-4FAF-9122-FAED1C2880D1}.Debug|Any CPU.Build.0 = Debug|Any CPU
		{DA7415CC-996D-4FAF-9122-FAED1C2880D1}.Release|Any CPU.ActiveCfg = Release|Any CPU
		{DA7415CC-996D-4FAF-9122-FAED1C2880D1}.Release|Any CPU.Build.0 = Release|Any CPU
		{9DBC9621-13DA-4544-BEF2-9050C0D72F6A}.Debug|Any CPU.ActiveCfg = Debug|Any CPU
		{9DBC9621-13DA-4544-BEF2-9050C0D72F6A}.Debug|Any CPU.Build.0 = Debug|Any CPU
		{9DBC9621-13DA-4544-BEF2-9050C0D72F6A}.Release|Any CPU.ActiveCfg = Release|Any CPU
		{9DBC9621-13DA-4544-BEF2-9050C0D72F6A}.Release|Any CPU.Build.0 = Release|Any CPU
		{54CD3105-C55C-444D-B4DE-87D453D3E164}.Debug|Any CPU.ActiveCfg = Debug|Any CPU
		{54CD3105-C55C-444D-B4DE-87D453D3E164}.Debug|Any CPU.Build.0 = Debug|Any CPU
		{54CD3105-C55C-444D-B4DE-87D453D3E164}.Release|Any CPU.ActiveCfg = Release|Any CPU
		{54CD3105-C55C-444D-B4DE-87D453D3E164}.Release|Any CPU.Build.0 = Release|Any CPU
		{EB963A2C-3C85-4516-8654-4CAD77CBA2F7}.Debug|Any CPU.ActiveCfg = Debug|Any CPU
		{EB963A2C-3C85-4516-8654-4CAD77CBA2F7}.Debug|Any CPU.Build.0 = Debug|Any CPU
		{EB963A2C-3C85-4516-8654-4CAD77CBA2F7}.Release|Any CPU.ActiveCfg = Release|Any CPU
		{EB963A2C-3C85-4516-8654-4CAD77CBA2F7}.Release|Any CPU.Build.0 = Release|Any CPU
	EndGlobalSection
	GlobalSection(SolutionProperties) = preSolution
		HideSolutionNode = FALSE
	EndGlobalSection
	GlobalSection(NestedProjects) = preSolution
		{4680554D-E0E2-49F7-B1FD-E309DDFBD6F0} = {79D5D0C8-C1AF-4D7B-A4EF-28CA60B71D56}
		{2BBF823D-628F-4C50-ABF2-2B81578A968E} = {5FD1E0B5-9449-4C64-9BA6-B11D679D27F6}
		{787595C5-279A-4627-8D81-1FC81B373FBA} = {BBC95D84-96D8-4183-BC29-E9C9ADA70175}
		{DA7415CC-996D-4FAF-9122-FAED1C2880D1} = {48426CAD-626F-4DEE-9526-F30DCF0DAEF8}
		{9DBC9621-13DA-4544-BEF2-9050C0D72F6A} = {D5E4EA16-8E0B-4FB1-94F9-DC11C38A125D}
		{54CD3105-C55C-444D-B4DE-87D453D3E164} = {28780576-CD40-4C54-8E2A-78875102525E}
		{EB963A2C-3C85-4516-8654-4CAD77CBA2F7} = {D9FBB1CB-DF3E-4FF0-B758-8329575230E4}
	EndGlobalSection
	GlobalSection(ExtensibilityGlobals) = postSolution
		SolutionGuid = {6AB70D1A-A842-4DAB-A66A-A16EF12C0331}
	EndGlobalSection
EndGlobal
