
Microsoft Visual Studio Solution File, Format Version 12.00
# Visual Studio Version 17
VisualStudioVersion = 17.0.31912.275
MinimumVisualStudioVersion = 10.0.40219.1
Project("{9A19103F-16F7-4668-BE54-9A1E7A4F7556}") = "AdventOfCode", "AdventOfCode.csproj", "{C4706AC5-2586-41C5-8336-89FE89518F8C}"
EndProject
Project("{2150E333-8FDC-42A3-9474-1A3956D46DE8}") = "Solution Items", "Solution Items", "{0D2F8325-EE9A-4294-9F6A-DECF8DED3940}"
	ProjectSection(SolutionItems) = preProject
		LICENSE = LICENSE
		TextFile1.txt = TextFile1.txt
	EndProjectSection
EndProject
Global
	GlobalSection(SolutionConfigurationPlatforms) = preSolution
		Debug|Any CPU = Debug|Any CPU
		Release|Any CPU = Release|Any CPU
	EndGlobalSection
	GlobalSection(ProjectConfigurationPlatforms) = postSolution
		{C4706AC5-2586-41C5-8336-89FE89518F8C}.Debug|Any CPU.ActiveCfg = Debug|Any CPU
		{C4706AC5-2586-41C5-8336-89FE89518F8C}.Debug|Any CPU.Build.0 = Debug|Any CPU
		{C4706AC5-2586-41C5-8336-89FE89518F8C}.Release|Any CPU.ActiveCfg = Release|Any CPU
		{C4706AC5-2586-41C5-8336-89FE89518F8C}.Release|Any CPU.Build.0 = Release|Any CPU
	EndGlobalSection
	GlobalSection(SolutionProperties) = preSolution
		HideSolutionNode = FALSE
	EndGlobalSection
	GlobalSection(ExtensibilityGlobals) = postSolution
		SolutionGuid = {6AB70D1A-A842-4DAB-A66A-A16EF12C0331}
	EndGlobalSection
EndGlobal
